// !$*UTF8*$!
{
	archiveVersion = 1;
	classes = {
	};
	objectVersion = 46;
	objects = {

/* Begin PBXBuildFile section */
		DA15BBF81DC0E6D300667E56 /* HoopLib.h in Headers */ = {isa = PBXBuildFile; fileRef = DA15BBF71DC0E6D300667E56 /* HoopLib.h */; };
		DA15BBFA1DC0E6D300667E56 /* HoopLib.m in Sources */ = {isa = PBXBuildFile; fileRef = DA15BBF91DC0E6D300667E56 /* HoopLib.m */; };
/* End PBXBuildFile section */

/* Begin PBXFileReference section */
		DA15BBF41DC0E6D300667E56 /* libHoopLib.dylib */ = {isa = PBXFileReference; explicitFileType = "compiled.mach-o.dylib"; includeInIndex = 0; path = libHoopLib.dylib; sourceTree = BUILT_PRODUCTS_DIR; };
		DA15BBF71DC0E6D300667E56 /* HoopLib.h */ = {isa = PBXFileReference; lastKnownFileType = sourcecode.c.h; path = HoopLib.h; sourceTree = "<group>"; };
		DA15BBF91DC0E6D300667E56 /* HoopLib.m */ = {isa = PBXFileReference; lastKnownFileType = sourcecode.c.objc; path = HoopLib.m; sourceTree = "<group>"; };
/* End PBXFileReference section */

/* Begin PBXFrameworksBuildPhase section */
		DA15BBF11DC0E6D300667E56 /* Frameworks */ = {
			isa = PBXFrameworksBuildPhase;
			buildActionMask = 2147483647;
			files = (
			);
			runOnlyForDeploymentPostprocessing = 0;
		};
/* End PBXFrameworksBuildPhase section */

/* Begin PBXGroup section */
		DA15BBEB1DC0E6D300667E56 = {
			isa = PBXGroup;
			children = (
				DA15BBF61DC0E6D300667E56 /* HoopLib */,
				DA15BBF51DC0E6D300667E56 /* Products */,
			);
			sourceTree = "<group>";
		};
		DA15BBF51DC0E6D300667E56 /* Products */ = {
			isa = PBXGroup;
			children = (
				DA15BBF41DC0E6D300667E56 /* libHoopLib.dylib */,
			);
			name = Products;
			sourceTree = "<group>";
		};
		DA15BBF61DC0E6D300667E56 /* HoopLib */ = {
			isa = PBXGroup;
			children = (
				DA15BBF71DC0E6D300667E56 /* HoopLib.h */,
				DA15BBF91DC0E6D300667E56 /* HoopLib.m */,
			);
			path = HoopLib;
			sourceTree = "<group>";
		};
/* End PBXGroup section */

/* Begin PBXHeadersBuildPhase section */
		DA15BBF21DC0E6D300667E56 /* Headers */ = {
			isa = PBXHeadersBuildPhase;
			buildActionMask = 2147483647;
			files = (
				DA15BBF81DC0E6D300667E56 /* HoopLib.h in Headers */,
			);
			runOnlyForDeploymentPostprocessing = 0;
		};
/* End PBXHeadersBuildPhase section */

/* Begin PBXNativeTarget section */
		DA15BBF31DC0E6D300667E56 /* HoopLib */ = {
			isa = PBXNativeTarget;
			buildConfigurationList = DA15BBFD1DC0E6D300667E56 /* Build configuration list for PBXNativeTarget "HoopLib" */;
			buildPhases = (
				DA15BBF01DC0E6D300667E56 /* Sources */,
				DA15BBF11DC0E6D300667E56 /* Frameworks */,
				DA15BBF21DC0E6D300667E56 /* Headers */,
			);
			buildRules = (
			);
			dependencies = (
			);
			name = HoopLib;
			productName = HoopLib;
			productReference = DA15BBF41DC0E6D300667E56 /* libHoopLib.dylib */;
			productType = "com.apple.product-type.library.dynamic";
		};
/* End PBXNativeTarget section */

/* Begin PBXProject section */
		DA15BBEC1DC0E6D300667E56 /* Project object */ = {
			isa = PBXProject;
			attributes = {
				LastUpgradeCheck = 0800;
				ORGANIZATIONNAME = "Sedat Gökbek ÇİFTÇİ";
				TargetAttributes = {
					DA15BBF31DC0E6D300667E56 = {
						CreatedOnToolsVersion = 8.0;
						DevelopmentTeam = 6AT45A87B9;
						ProvisioningStyle = Automatic;
					};
				};
			};
			buildConfigurationList = DA15BBEF1DC0E6D300667E56 /* Build configuration list for PBXProject "HoopLib" */;
			compatibilityVersion = "Xcode 3.2";
			developmentRegion = English;
			hasScannedForEncodings = 0;
			knownRegions = (
				en,
			);
			mainGroup = DA15BBEB1DC0E6D300667E56;
			productRefGroup = DA15BBF51DC0E6D300667E56 /* Products */;
			projectDirPath = "";
			projectRoot = "";
			targets = (
				DA15BBF31DC0E6D300667E56 /* HoopLib */,
			);
		};
/* End PBXProject section */

/* Begin PBXSourcesBuildPhase section */
		DA15BBF01DC0E6D300667E56 /* Sources */ = {
			isa = PBXSourcesBuildPhase;
			buildActionMask = 2147483647;
			files = (
				DA15BBFA1DC0E6D300667E56 /* HoopLib.m in Sources */,
			);
			runOnlyForDeploymentPostprocessing = 0;
		};
/* End PBXSourcesBuildPhase section */

/* Begin XCBuildConfiguration section */
		DA15BBFB1DC0E6D300667E56 /* Debug */ = {
			isa = XCBuildConfiguration;
			buildSettings = {
				ALWAYS_SEARCH_USER_PATHS = NO;
				CLANG_ANALYZER_NONNULL = YES;
				CLANG_CXX_LANGUAGE_STANDARD = "gnu++0x";
				CLANG_CXX_LIBRARY = "libc++";
				CLANG_ENABLE_MODULES = YES;
				CLANG_ENABLE_OBJC_ARC = YES;
				CLANG_WARN_BOOL_CONVERSION = YES;
				CLANG_WARN_CONSTANT_CONVERSION = YES;
				CLANG_WARN_DIRECT_OBJC_ISA_USAGE = YES_ERROR;
				CLANG_WARN_DOCUMENTATION_COMMENTS = YES;
				CLANG_WARN_EMPTY_BODY = YES;
				CLANG_WARN_ENUM_CONVERSION = YES;
				CLANG_WARN_INFINITE_RECURSION = YES;
				CLANG_WARN_INT_CONVERSION = YES;
				CLANG_WARN_OBJC_ROOT_CLASS = YES_ERROR;
				CLANG_WARN_SUSPICIOUS_MOVES = YES;
				CLANG_WARN_UNREACHABLE_CODE = YES;
				CLANG_WARN__DUPLICATE_METHOD_MATCH = YES;
				CODE_SIGN_IDENTITY = "-";
				COPY_PHASE_STRIP = NO;
				DEBUG_INFORMATION_FORMAT = dwarf;
				ENABLE_STRICT_OBJC_MSGSEND = YES;
				ENABLE_TESTABILITY = YES;
				GCC_C_LANGUAGE_STANDARD = gnu99;
				GCC_DYNAMIC_NO_PIC = NO;
				GCC_NO_COMMON_BLOCKS = YES;
				GCC_OPTIMIZATION_LEVEL = 0;
				GCC_PREPROCESSOR_DEFINITIONS = (
					"DEBUG=1",
					"$(inherited)",
				);
				GCC_WARN_64_TO_32_BIT_CONVERSION = YES;
				GCC_WARN_ABOUT_RETURN_TYPE = YES_ERROR;
				GCC_WARN_UNDECLARED_SELECTOR = YES;
				GCC_WARN_UNINITIALIZED_AUTOS = YES_AGGRESSIVE;
				GCC_WARN_UNUSED_FUNCTION = YES;
				GCC_WARN_UNUSED_VARIABLE = YES;
				MACOSX_DEPLOYMENT_TARGET = 10.12;
				MTL_ENABLE_DEBUG_INFO = YES;
				ONLY_ACTIVE_ARCH = YES;
				SDKROOT = macosx;
			};
			name = Debug;
		};
		DA15BBFC1DC0E6D300667E56 /* Release */ = {
			isa = XCBuildConfiguration;
			buildSettings = {
				ALWAYS_SEARCH_USER_PATHS = NO;
				CLANG_ANALYZER_NONNULL = YES;
				CLANG_CXX_LANGUAGE_STANDARD = "gnu++0x";
				CLANG_CXX_LIBRARY = "libc++";
				CLANG_ENABLE_MODULES = YES;
				CLANG_ENABLE_OBJC_ARC = YES;
				CLANG_WARN_BOOL_CONVERSION = YES;
				CLANG_WARN_CONSTANT_CONVERSION = YES;
				CLANG_WARN_DIRECT_OBJC_ISA_USAGE = YES_ERROR;
				CLANG_WARN_DOCUMENTATION_COMMENTS = YES;
				CLANG_WARN_EMPTY_BODY = YES;
				CLANG_WARN_ENUM_CONVERSION = YES;
				CLANG_WARN_INFINITE_RECURSION = YES;
				CLANG_WARN_INT_CONVERSION = YES;
				CLANG_WARN_OBJC_ROOT_CLASS = YES_ERROR;
				CLANG_WARN_SUSPICIOUS_MOVES = YES;
				CLANG_WARN_UNREACHABLE_CODE = YES;
				CLANG_WARN__DUPLICATE_METHOD_MATCH = YES;
				CODE_SIGN_IDENTITY = "-";
				COPY_PHASE_STRIP = NO;
				DEBUG_INFORMATION_FORMAT = "dwarf-with-dsym";
				ENABLE_NS_ASSERTIONS = NO;
				ENABLE_STRICT_OBJC_MSGSEND = YES;
				GCC_C_LANGUAGE_STANDARD = gnu99;
				GCC_NO_COMMON_BLOCKS = YES;
				GCC_WARN_64_TO_32_BIT_CONVERSION = YES;
				GCC_WARN_ABOUT_RETURN_TYPE = YES_ERROR;
				GCC_WARN_UNDECLARED_SELECTOR = YES;
				GCC_WARN_UNINITIALIZED_AUTOS = YES_AGGRESSIVE;
				GCC_WARN_UNUSED_FUNCTION = YES;
				GCC_WARN_UNUSED_VARIABLE = YES;
				MACOSX_DEPLOYMENT_TARGET = 10.12;
				MTL_ENABLE_DEBUG_INFO = NO;
				SDKROOT = macosx;
			};
			name = Release;
		};
		DA15BBFE1DC0E6D300667E56 /* Debug */ = {
			isa = XCBuildConfiguration;
			buildSettings = {
				DEVELOPMENT_TEAM = 6AT45A87B9;
				DYLIB_COMPATIBILITY_VERSION = 1;
				DYLIB_CURRENT_VERSION = 1;
				EXECUTABLE_PREFIX = lib;
				PRODUCT_NAME = "$(TARGET_NAME)";
			};
			name = Debug;
		};
		DA15BBFF1DC0E6D300667E56 /* Release */ = {
			isa = XCBuildConfiguration;
			buildSettings = {
				DEVELOPMENT_TEAM = 6AT45A87B9;
				DYLIB_COMPATIBILITY_VERSION = 1;
				DYLIB_CURRENT_VERSION = 1;
				EXECUTABLE_PREFIX = lib;
				PRODUCT_NAME = "$(TARGET_NAME)";
			};
			name = Release;
		};
/* End XCBuildConfiguration section */

/* Begin XCConfigurationList section */
		DA15BBEF1DC0E6D300667E56 /* Build configuration list for PBXProject "HoopLib" */ = {
			isa = XCConfigurationList;
			buildConfigurations = (
				DA15BBFB1DC0E6D300667E56 /* Debug */,
				DA15BBFC1DC0E6D300667E56 /* Release */,
			);
			defaultConfigurationIsVisible = 0;
			defaultConfigurationName = Release;
		};
		DA15BBFD1DC0E6D300667E56 /* Build configuration list for PBXNativeTarget "HoopLib" */ = {
			isa = XCConfigurationList;
			buildConfigurations = (
				DA15BBFE1DC0E6D300667E56 /* Debug */,
				DA15BBFF1DC0E6D300667E56 /* Release */,
			);
			defaultConfigurationIsVisible = 0;
			defaultConfigurationName = Release;
		};
/* End XCConfigurationList section */
	};
	rootObject = DA15BBEC1DC0E6D300667E56 /* Project object */;
}
